
Microsoft Visual Studio Solution File, Format Version 12.00
# Visual Studio 15
VisualStudioVersion = 15.0.28010.2041
MinimumVisualStudioVersion = 10.0.40219.1
Project("{FAE04EC0-301F-11D3-BF4B-00C04F79EFBC}") = "Covariant", "Covariant\Covariant.csproj", "{DC7296C8-3427-4FC9-ACB9-9D997B6B7364}"
EndProject
Global
	GlobalSection(SolutionConfigurationPlatforms) = preSolution
		Debug|Any CPU = Debug|Any CPU
		Release|Any CPU = Release|Any CPU
	EndGlobalSection
	GlobalSection(ProjectConfigurationPlatforms) = postSolution
		{DC7296C8-3427-4FC9-ACB9-9D997B6B7364}.Debug|Any CPU.ActiveCfg = Debug|Any CPU
		{DC7296C8-3427-4FC9-ACB9-9D997B6B7364}.Debug|Any CPU.Build.0 = Debug|Any CPU
		{DC7296C8-3427-4FC9-ACB9-9D997B6B7364}.Release|Any CPU.ActiveCfg = Release|Any CPU
		{DC7296C8-3427-4FC9-ACB9-9D997B6B7364}.Release|Any CPU.Build.0 = Release|Any CPU
	EndGlobalSection
	GlobalSection(SolutionProperties) = preSolution
		HideSolutionNode = FALSE
	EndGlobalSection
	GlobalSection(ExtensibilityGlobals) = postSolution
		SolutionGuid = {D8DCB86A-CE86-4325-A648-20666961FACA}
	EndGlobalSection
EndGlobal
